{
  "version": 1,
  "dependencies": {
    "net8.0-windows7.0": {
      "NvAPIWrapper.Net": {
        "type": "Direct",
        "requested": "[0.8.1.101, )",
        "resolved": "0.8.1.101",
        "contentHash": "qX+5EQ32tCTqBkX/9BNfx7w4HPi18s3XhMubjbxSjPhYQ6pXWL+HGnaZEmGvFlOxvsQN+/6eV3x5bRo1CDY/mQ=="
      },
      "System.CodeDom": {
        "type": "Transitive",
        "resolved": "10.0.0",
        "contentHash": "QWERdKi/tQAx+MbrPxTGcpchqMANnVXNiv2r2tILBBB38E74buD+fABSUhozZ1G9kjbadFB0m+HPFMkhJPeFvA=="
      },
      "System.Management": {
        "type": "Transitive",
        "resolved": "10.0.0",
        "contentHash": "LE3rDZoPzulou78Tsq+3ALhUs4vatQ03v2QWbYVIenVPneUH/+LTUmHyyl098OxIFLQI6sNkZs8YHbUnT/sm3A==",
        "dependencies": {
          "System.CodeDom": "10.0.0"
        }
      },
      "igclwrapper": {
        "type": "Project",
        "dependencies": {
          "System.Management": "[10.0.0, )"
        }
      }
    },
    "net8.0-windows7.0/win-x64": {
      "System.Management": {
        "type": "Transitive",
        "resolved": "10.0.0",
        "contentHash": "LE3rDZoPzulou78Tsq+3ALhUs4vatQ03v2QWbYVIenVPneUH/+LTUmHyyl098OxIFLQI6sNkZs8YHbUnT/sm3A==",
        "dependencies": {
          "System.CodeDom": "10.0.0"
        }
      }
    }
  }
}